
Microsoft Visual Studio Solution File, Format Version 12.00
# Visual Studio 15
VisualStudioVersion = 15.0.28010.2016
MinimumVisualStudioVersion = 10.0.40219.1
Project("{9A19103F-16F7-4668-BE54-9A1E7A4F7556}") = "NexusForever.Shared", "NexusForever.Shared\NexusForever.Shared.csproj", "{4A47774E-518A-4243-8B0B-6B5F9808329D}"
EndProject
Project("{9A19103F-16F7-4668-BE54-9A1E7A4F7556}") = "NexusForever.StsServer", "NexusForever.StsServer\NexusForever.StsServer.csproj", "{A8B9F746-9958-4366-9CC8-E863D6D1E13B}"
EndProject
Project("{9A19103F-16F7-4668-BE54-9A1E7A4F7556}") = "NexusForever.AuthServer", "NexusForever.AuthServer\NexusForever.AuthServer.csproj", "{9314BDC7-A74D-4C47-88FD-A4E28B109253}"
EndProject
Project("{2150E333-8FDC-42A3-9474-1A3956D46DE8}") = "Server", "Server", "{F11199C0-850A-4DA7-A71B-C597581970D6}"
EndProject
Project("{9A19103F-16F7-4668-BE54-9A1E7A4F7556}") = "NexusForever.WorldServer", "NexusForever.WorldServer\NexusForever.WorldServer.csproj", "{775E278A-6EED-4E11-B484-8538593CE0A8}"
EndProject
Project("{FAE04EC0-301F-11D3-BF4B-00C04F79EFBC}") = "NexusForever.ClientConnector", "NexusForever.ClientConnector\NexusForever.ClientConnector.csproj", "{D6201763-C0A1-4725-88E3-DCB3C35F5F73}"
EndProject
Project("{2150E333-8FDC-42A3-9474-1A3956D46DE8}") = "Client", "Client", "{96FBF6E9-0E5B-47B0-BEB0-05112E4A5BB1}"
EndProject
Global
	GlobalSection(SolutionConfigurationPlatforms) = preSolution
		Debug|Any CPU = Debug|Any CPU
		Release|Any CPU = Release|Any CPU
	EndGlobalSection
	GlobalSection(ProjectConfigurationPlatforms) = postSolution
		{4A47774E-518A-4243-8B0B-6B5F9808329D}.Debug|Any CPU.ActiveCfg = Debug|Any CPU
		{4A47774E-518A-4243-8B0B-6B5F9808329D}.Debug|Any CPU.Build.0 = Debug|Any CPU
		{4A47774E-518A-4243-8B0B-6B5F9808329D}.Release|Any CPU.ActiveCfg = Release|Any CPU
		{4A47774E-518A-4243-8B0B-6B5F9808329D}.Release|Any CPU.Build.0 = Release|Any CPU
		{A8B9F746-9958-4366-9CC8-E863D6D1E13B}.Debug|Any CPU.ActiveCfg = Debug|Any CPU
		{A8B9F746-9958-4366-9CC8-E863D6D1E13B}.Debug|Any CPU.Build.0 = Debug|Any CPU
		{A8B9F746-9958-4366-9CC8-E863D6D1E13B}.Release|Any CPU.ActiveCfg = Release|Any CPU
		{A8B9F746-9958-4366-9CC8-E863D6D1E13B}.Release|Any CPU.Build.0 = Release|Any CPU
		{9314BDC7-A74D-4C47-88FD-A4E28B109253}.Debug|Any CPU.ActiveCfg = Debug|Any CPU
		{9314BDC7-A74D-4C47-88FD-A4E28B109253}.Debug|Any CPU.Build.0 = Debug|Any CPU
		{9314BDC7-A74D-4C47-88FD-A4E28B109253}.Release|Any CPU.ActiveCfg = Release|Any CPU
		{9314BDC7-A74D-4C47-88FD-A4E28B109253}.Release|Any CPU.Build.0 = Release|Any CPU
		{775E278A-6EED-4E11-B484-8538593CE0A8}.Debug|Any CPU.ActiveCfg = Debug|Any CPU
		{775E278A-6EED-4E11-B484-8538593CE0A8}.Debug|Any CPU.Build.0 = Debug|Any CPU
		{775E278A-6EED-4E11-B484-8538593CE0A8}.Release|Any CPU.ActiveCfg = Release|Any CPU
		{775E278A-6EED-4E11-B484-8538593CE0A8}.Release|Any CPU.Build.0 = Release|Any CPU
		{D6201763-C0A1-4725-88E3-DCB3C35F5F73}.Debug|Any CPU.ActiveCfg = Debug|Any CPU
		{D6201763-C0A1-4725-88E3-DCB3C35F5F73}.Debug|Any CPU.Build.0 = Debug|Any CPU
		{D6201763-C0A1-4725-88E3-DCB3C35F5F73}.Release|Any CPU.ActiveCfg = Release|Any CPU
		{D6201763-C0A1-4725-88E3-DCB3C35F5F73}.Release|Any CPU.Build.0 = Release|Any CPU
	EndGlobalSection
	GlobalSection(SolutionProperties) = preSolution
		HideSolutionNode = FALSE
	EndGlobalSection
	GlobalSection(NestedProjects) = preSolution
		{4A47774E-518A-4243-8B0B-6B5F9808329D} = {F11199C0-850A-4DA7-A71B-C597581970D6}
		{A8B9F746-9958-4366-9CC8-E863D6D1E13B} = {F11199C0-850A-4DA7-A71B-C597581970D6}
		{9314BDC7-A74D-4C47-88FD-A4E28B109253} = {F11199C0-850A-4DA7-A71B-C597581970D6}
		{775E278A-6EED-4E11-B484-8538593CE0A8} = {F11199C0-850A-4DA7-A71B-C597581970D6}
		{D6201763-C0A1-4725-88E3-DCB3C35F5F73} = {96FBF6E9-0E5B-47B0-BEB0-05112E4A5BB1}
	EndGlobalSection
	GlobalSection(ExtensibilityGlobals) = postSolution
		SolutionGuid = {7D83B735-7E6A-4C1A-83C4-DD80682C2859}
	EndGlobalSection
EndGlobal
